
Microsoft Visual Studio Solution File, Format Version 12.00
# Visual Studio 2013
VisualStudioVersion = 12.0.31101.0
MinimumVisualStudioVersion = 10.0.40219.1
Project("{FAE04EC0-301F-11D3-BF4B-00C04F79EFBC}") = "ITS.Dichiarativi", "ITS.Dichiarativi\ITS.Dichiarativi.csproj", "{7CD72925-41EF-46C6-9C76-E38838253D8F}"
EndProject
Project("{FAE04EC0-301F-11D3-BF4B-00C04F79EFBC}") = "ITS.Dichiarativi.Tests", "ITS.Dichiarativi.Tests\ITS.Dichiarativi.Tests.csproj", "{976A7356-5F96-4DD7-93C6-789A86B947BE}"
EndProject
Project("{FAE04EC0-301F-11D3-BF4B-00C04F79EFBC}") = "ObjectModeling", "ObjectModeling\ObjectModeling.csproj", "{1DC9BE6B-0B06-4361-897E-38C0756085F0}"
EndProject
Project("{FAE04EC0-301F-11D3-BF4B-00C04F79EFBC}") = "MyCompany.Common", "MyCompany.Common\MyCompany.Common.csproj", "{78834FF1-82AD-411F-BC21-32217AA499A6}"
EndProject
Project("{FAE04EC0-301F-11D3-BF4B-00C04F79EFBC}") = "MyCompany.Commerciale", "MyCompany.Commerciale\MyCompany.Commerciale.csproj", "{458BA1C3-1A19-4FBB-AE28-546227885F84}"
EndProject
Project("{FAE04EC0-301F-11D3-BF4B-00C04F79EFBC}") = "MyCompany.Commerciale.Azure", "MyCompany.Commerciale.Azure\MyCompany.Commerciale.Azure.csproj", "{5F07FC9D-3DAB-4346-93FA-7B1332F23805}"
EndProject
Project("{FAE04EC0-301F-11D3-BF4B-00C04F79EFBC}") = "MyCompany.Commerciale.Azure.WebJobs", "MyCompany.Commerciale.Azure.WebJobs\MyCompany.Commerciale.Azure.WebJobs.csproj", "{4975E498-8B3A-4D9F-8F40-610ED4EFB3E7}"
EndProject
Project("{FAE04EC0-301F-11D3-BF4B-00C04F79EFBC}") = "MyCompany.Commerciale.Google", "MyCompany.Commerciale.Google\MyCompany.Commerciale.Google.csproj", "{8784CB21-B4FE-4479-88BD-D682462C6525}"
EndProject
Project("{2150E333-8FDC-42A3-9474-1A3956D46DE8}") = "MyCompany", "MyCompany", "{8F0DD4E6-7C7F-4522-BD92-A29FB9901819}"
EndProject
Project("{2150E333-8FDC-42A3-9474-1A3956D46DE8}") = "Dichiarativi", "Dichiarativi", "{DDD2545E-021C-4225-BF7C-4623C9AF1A3D}"
EndProject
Project("{2150E333-8FDC-42A3-9474-1A3956D46DE8}") = "IoC", "IoC", "{74C46A4B-2A9A-4E02-9580-606AB92280AC}"
EndProject
Project("{FAE04EC0-301F-11D3-BF4B-00C04F79EFBC}") = "Company.BoundedContext", "Company.BoundedContext\Company.BoundedContext.csproj", "{8C7BD70E-3304-436A-A8F7-467D366B40EF}"
EndProject
Project("{FAE04EC0-301F-11D3-BF4B-00C04F79EFBC}") = "IoC.BoundedContext.Impl1", "IoC.BoundedContext.Impl1\IoC.BoundedContext.Impl1.csproj", "{0A465D9E-14F0-4A71-AC76-504289BDCAED}"
EndProject
Project("{FAE04EC0-301F-11D3-BF4B-00C04F79EFBC}") = "IoC.BoundedContext.Impl2", "IoC.BoundedContext.Impl2\IoC.BoundedContext.Impl2.csproj", "{9614E1D5-35D2-4C3B-B2E8-249EC01E2E02}"
EndProject
Project("{FAE04EC0-301F-11D3-BF4B-00C04F79EFBC}") = "IoC.ClientTest", "IoC.ClientTest\IoC.ClientTest.csproj", "{8A02D8B7-41C0-4AFB-AD88-B5095B186FBB}"
EndProject
Project("{2150E333-8FDC-42A3-9474-1A3956D46DE8}") = "Dichiarativi_0", "Dichiarativi_0", "{4DFD6837-77C8-4354-B108-E0F2DCE2C01B}"
EndProject
Project("{FAE04EC0-301F-11D3-BF4B-00C04F79EFBC}") = "Dichiarativi", "Dichiarativi\Dichiarativi.csproj", "{31567388-4F90-4957-AD49-B14B5FD87EB6}"
EndProject
Project("{FAE04EC0-301F-11D3-BF4B-00C04F79EFBC}") = "DichiarativiInps", "DichiarativiInps\DichiarativiInps.csproj", "{CA261CD2-94CD-4A96-831B-9324864C9A72}"
EndProject
Project("{FAE04EC0-301F-11D3-BF4B-00C04F79EFBC}") = "Dichiarativi.SqlServer", "Dichiarativi.SqlServer\Dichiarativi.SqlServer.csproj", "{3A56084B-A0D5-4130-9C1B-8852E7994244}"
EndProject
Project("{2150E333-8FDC-42A3-9474-1A3956D46DE8}") = "Modeling", "Modeling", "{C125AF07-E19E-401A-9CBD-34D42D614ED9}"
EndProject
Project("{FAE04EC0-301F-11D3-BF4B-00C04F79EFBC}") = "Bacheca", "Bacheca\Bacheca.csproj", "{B323762E-DAD9-4987-9D17-41167F0E525F}"
EndProject
Project("{2150E333-8FDC-42A3-9474-1A3956D46DE8}") = "Bacheca", "Bacheca", "{9089A0E6-C964-4820-8789-B6EAE144C64B}"
EndProject
Project("{FAE04EC0-301F-11D3-BF4B-00C04F79EFBC}") = "IntentionsAndCode", "IntentionsAndCode\IntentionsAndCode.csproj", "{0363CC24-7D2B-4575-BBA7-D4EF74E1BFE8}"
EndProject
Project("{2150E333-8FDC-42A3-9474-1A3956D46DE8}") = "IoC2", "IoC2", "{4B038EAF-BC14-4566-9CF8-7A96658E90ED}"
EndProject
Project("{FAE04EC0-301F-11D3-BF4B-00C04F79EFBC}") = "ITS.IoC.Domain", "ITS.IoC.Domain\ITS.IoC.Domain.csproj", "{FB868384-F756-40DC-926F-54FECB1CE29E}"
EndProject
Project("{FAE04EC0-301F-11D3-BF4B-00C04F79EFBC}") = "ITS.IoT.Domain.EntityFramework", "ITS.IoT.Domain.EntityFramework\ITS.IoT.Domain.EntityFramework.csproj", "{25484F40-37D6-4D54-902D-F9B843D04B0A}"
EndProject
Project("{FAE04EC0-301F-11D3-BF4B-00C04F79EFBC}") = "ITS.IoC.FileSystem", "ITS.IoC.FileSystem\ITS.IoC.FileSystem.csproj", "{0C4BC4D6-9660-44E9-85DE-0215CAE252C1}"
EndProject
Project("{FAE04EC0-301F-11D3-BF4B-00C04F79EFBC}") = "ITS.IoC.Test", "ITS.IoC.Test\ITS.IoC.Test.csproj", "{84F00EB1-EDB7-45D2-B564-AA95A6235F2E}"
EndProject
Project("{2150E333-8FDC-42A3-9474-1A3956D46DE8}") = ".nuget", ".nuget", "{B4B51C06-45E0-4055-8582-D74D593232B6}"
	ProjectSection(SolutionItems) = preProject
		.nuget\NuGet.Config = .nuget\NuGet.Config
		.nuget\NuGet.exe = .nuget\NuGet.exe
		.nuget\NuGet.targets = .nuget\NuGet.targets
	EndProjectSection
EndProject
Project("{2150E333-8FDC-42A3-9474-1A3956D46DE8}") = "CQRS", "CQRS", "{254E7A35-E31E-4658-A30C-D9F7D978CAB7}"
EndProject
Project("{FAE04EC0-301F-11D3-BF4B-00C04F79EFBC}") = "ITS.DichiarativiMVC.Web", "ITS.DichiarativiMVC.Web\ITS.DichiarativiMVC.Web.csproj", "{54CBEC30-2F8C-4E06-BD5F-E15807CB1E6A}"
EndProject
Project("{FAE04EC0-301F-11D3-BF4B-00C04F79EFBC}") = "ToDoList.Web", "ToDoList.Web\ToDoList.Web.csproj", "{8DEC6B8F-B1E7-41FF-8E4F-927C681D7617}"
EndProject
Project("{2150E333-8FDC-42A3-9474-1A3956D46DE8}") = "Queue+SignalR", "Queue+SignalR", "{626AD8D3-48C4-4EBE-9218-6C3F0AF70FAD}"
EndProject
Project("{FAE04EC0-301F-11D3-BF4B-00C04F79EFBC}") = "ITS.Chat.Models", "ITS.Chat.Models\ITS.Chat.Models.csproj", "{99BB01A0-C009-422B-A9C2-B1D04E8A4498}"
EndProject
Project("{FAE04EC0-301F-11D3-BF4B-00C04F79EFBC}") = "ITS.Chat.Web", "ITS.Chat.Web\ITS.Chat.Web.csproj", "{9E2AE92B-B10D-434D-9BA7-38E94C9FFFBF}"
EndProject
Project("{FAE04EC0-301F-11D3-BF4B-00C04F79EFBC}") = "ITS.Chat.Worker", "ITS.Chat.Worker\ITS.Chat.Worker.csproj", "{C8C87A5C-CAC0-479B-8080-99C97AF2096D}"
EndProject
Project("{2150E333-8FDC-42A3-9474-1A3956D46DE8}") = "Identity+Social", "Identity+Social", "{3117A6F2-55FD-42D9-BFC3-9DFAC408C7D9}"
EndProject
Project("{FAE04EC0-301F-11D3-BF4B-00C04F79EFBC}") = "ITS.Social.Web", "ITS.Social.Web\ITS.Social.Web.csproj", "{25AB3EF2-22F6-4015-A094-44505EF898B3}"
EndProject
Project("{FAE04EC0-301F-11D3-BF4B-00C04F79EFBC}") = "ITS.MiniCMS", "ITS.MiniCMS\ITS.MiniCMS.csproj", "{E1E457EB-1FE6-4137-8E1F-613F2C40EDD4}"
EndProject
Project("{2150E333-8FDC-42A3-9474-1A3956D46DE8}") = "MiniCMS", "MiniCMS", "{AF696FAC-5610-4137-BD53-3F37235D057B}"
EndProject
Project("{FAE04EC0-301F-11D3-BF4B-00C04F79EFBC}") = "ITS.MiniCMS.Worker", "ITS.MiniCMS.Worker\ITS.MiniCMS.Worker.csproj", "{AA881E81-3314-46F3-AB15-457E934550D3}"
EndProject
Project("{FAE04EC0-301F-11D3-BF4B-00C04F79EFBC}") = "ITS.MiniCMS.Models", "ITS.MiniCMS.Models\ITS.MiniCMS.Models.csproj", "{234892EF-C538-49DD-A3E7-2B801DFF3EDD}"
EndProject
Global
	GlobalSection(SolutionConfigurationPlatforms) = preSolution
		Debug|Any CPU = Debug|Any CPU
		Release|Any CPU = Release|Any CPU
	EndGlobalSection
	GlobalSection(ProjectConfigurationPlatforms) = postSolution
		{7CD72925-41EF-46C6-9C76-E38838253D8F}.Debug|Any CPU.ActiveCfg = Debug|Any CPU
		{7CD72925-41EF-46C6-9C76-E38838253D8F}.Debug|Any CPU.Build.0 = Debug|Any CPU
		{7CD72925-41EF-46C6-9C76-E38838253D8F}.Release|Any CPU.ActiveCfg = Release|Any CPU
		{7CD72925-41EF-46C6-9C76-E38838253D8F}.Release|Any CPU.Build.0 = Release|Any CPU
		{976A7356-5F96-4DD7-93C6-789A86B947BE}.Debug|Any CPU.ActiveCfg = Debug|Any CPU
		{976A7356-5F96-4DD7-93C6-789A86B947BE}.Debug|Any CPU.Build.0 = Debug|Any CPU
		{976A7356-5F96-4DD7-93C6-789A86B947BE}.Release|Any CPU.ActiveCfg = Release|Any CPU
		{976A7356-5F96-4DD7-93C6-789A86B947BE}.Release|Any CPU.Build.0 = Release|Any CPU
		{1DC9BE6B-0B06-4361-897E-38C0756085F0}.Debug|Any CPU.ActiveCfg = Debug|Any CPU
		{1DC9BE6B-0B06-4361-897E-38C0756085F0}.Debug|Any CPU.Build.0 = Debug|Any CPU
		{1DC9BE6B-0B06-4361-897E-38C0756085F0}.Release|Any CPU.ActiveCfg = Release|Any CPU
		{1DC9BE6B-0B06-4361-897E-38C0756085F0}.Release|Any CPU.Build.0 = Release|Any CPU
		{78834FF1-82AD-411F-BC21-32217AA499A6}.Debug|Any CPU.ActiveCfg = Debug|Any CPU
		{78834FF1-82AD-411F-BC21-32217AA499A6}.Debug|Any CPU.Build.0 = Debug|Any CPU
		{78834FF1-82AD-411F-BC21-32217AA499A6}.Release|Any CPU.ActiveCfg = Release|Any CPU
		{78834FF1-82AD-411F-BC21-32217AA499A6}.Release|Any CPU.Build.0 = Release|Any CPU
		{458BA1C3-1A19-4FBB-AE28-546227885F84}.Debug|Any CPU.ActiveCfg = Debug|Any CPU
		{458BA1C3-1A19-4FBB-AE28-546227885F84}.Debug|Any CPU.Build.0 = Debug|Any CPU
		{458BA1C3-1A19-4FBB-AE28-546227885F84}.Release|Any CPU.ActiveCfg = Release|Any CPU
		{458BA1C3-1A19-4FBB-AE28-546227885F84}.Release|Any CPU.Build.0 = Release|Any CPU
		{5F07FC9D-3DAB-4346-93FA-7B1332F23805}.Debug|Any CPU.ActiveCfg = Debug|Any CPU
		{5F07FC9D-3DAB-4346-93FA-7B1332F23805}.Debug|Any CPU.Build.0 = Debug|Any CPU
		{5F07FC9D-3DAB-4346-93FA-7B1332F23805}.Release|Any CPU.ActiveCfg = Release|Any CPU
		{5F07FC9D-3DAB-4346-93FA-7B1332F23805}.Release|Any CPU.Build.0 = Release|Any CPU
		{4975E498-8B3A-4D9F-8F40-610ED4EFB3E7}.Debug|Any CPU.ActiveCfg = Debug|Any CPU
		{4975E498-8B3A-4D9F-8F40-610ED4EFB3E7}.Debug|Any CPU.Build.0 = Debug|Any CPU
		{4975E498-8B3A-4D9F-8F40-610ED4EFB3E7}.Release|Any CPU.ActiveCfg = Release|Any CPU
		{4975E498-8B3A-4D9F-8F40-610ED4EFB3E7}.Release|Any CPU.Build.0 = Release|Any CPU
		{8784CB21-B4FE-4479-88BD-D682462C6525}.Debug|Any CPU.ActiveCfg = Debug|Any CPU
		{8784CB21-B4FE-4479-88BD-D682462C6525}.Debug|Any CPU.Build.0 = Debug|Any CPU
		{8784CB21-B4FE-4479-88BD-D682462C6525}.Release|Any CPU.ActiveCfg = Release|Any CPU
		{8784CB21-B4FE-4479-88BD-D682462C6525}.Release|Any CPU.Build.0 = Release|Any CPU
		{8C7BD70E-3304-436A-A8F7-467D366B40EF}.Debug|Any CPU.ActiveCfg = Debug|Any CPU
		{8C7BD70E-3304-436A-A8F7-467D366B40EF}.Debug|Any CPU.Build.0 = Debug|Any CPU
		{8C7BD70E-3304-436A-A8F7-467D366B40EF}.Release|Any CPU.ActiveCfg = Release|Any CPU
		{8C7BD70E-3304-436A-A8F7-467D366B40EF}.Release|Any CPU.Build.0 = Release|Any CPU
		{0A465D9E-14F0-4A71-AC76-504289BDCAED}.Debug|Any CPU.ActiveCfg = Debug|Any CPU
		{0A465D9E-14F0-4A71-AC76-504289BDCAED}.Debug|Any CPU.Build.0 = Debug|Any CPU
		{0A465D9E-14F0-4A71-AC76-504289BDCAED}.Release|Any CPU.ActiveCfg = Release|Any CPU
		{0A465D9E-14F0-4A71-AC76-504289BDCAED}.Release|Any CPU.Build.0 = Release|Any CPU
		{9614E1D5-35D2-4C3B-B2E8-249EC01E2E02}.Debug|Any CPU.ActiveCfg = Debug|Any CPU
		{9614E1D5-35D2-4C3B-B2E8-249EC01E2E02}.Debug|Any CPU.Build.0 = Debug|Any CPU
		{9614E1D5-35D2-4C3B-B2E8-249EC01E2E02}.Release|Any CPU.ActiveCfg = Release|Any CPU
		{9614E1D5-35D2-4C3B-B2E8-249EC01E2E02}.Release|Any CPU.Build.0 = Release|Any CPU
		{8A02D8B7-41C0-4AFB-AD88-B5095B186FBB}.Debug|Any CPU.ActiveCfg = Debug|Any CPU
		{8A02D8B7-41C0-4AFB-AD88-B5095B186FBB}.Debug|Any CPU.Build.0 = Debug|Any CPU
		{8A02D8B7-41C0-4AFB-AD88-B5095B186FBB}.Release|Any CPU.ActiveCfg = Release|Any CPU
		{8A02D8B7-41C0-4AFB-AD88-B5095B186FBB}.Release|Any CPU.Build.0 = Release|Any CPU
		{31567388-4F90-4957-AD49-B14B5FD87EB6}.Debug|Any CPU.ActiveCfg = Debug|Any CPU
		{31567388-4F90-4957-AD49-B14B5FD87EB6}.Debug|Any CPU.Build.0 = Debug|Any CPU
		{31567388-4F90-4957-AD49-B14B5FD87EB6}.Release|Any CPU.ActiveCfg = Release|Any CPU
		{31567388-4F90-4957-AD49-B14B5FD87EB6}.Release|Any CPU.Build.0 = Release|Any CPU
		{CA261CD2-94CD-4A96-831B-9324864C9A72}.Debug|Any CPU.ActiveCfg = Debug|Any CPU
		{CA261CD2-94CD-4A96-831B-9324864C9A72}.Debug|Any CPU.Build.0 = Debug|Any CPU
		{CA261CD2-94CD-4A96-831B-9324864C9A72}.Release|Any CPU.ActiveCfg = Release|Any CPU
		{CA261CD2-94CD-4A96-831B-9324864C9A72}.Release|Any CPU.Build.0 = Release|Any CPU
		{3A56084B-A0D5-4130-9C1B-8852E7994244}.Debug|Any CPU.ActiveCfg = Debug|Any CPU
		{3A56084B-A0D5-4130-9C1B-8852E7994244}.Debug|Any CPU.Build.0 = Debug|Any CPU
		{3A56084B-A0D5-4130-9C1B-8852E7994244}.Release|Any CPU.ActiveCfg = Release|Any CPU
		{3A56084B-A0D5-4130-9C1B-8852E7994244}.Release|Any CPU.Build.0 = Release|Any CPU
		{B323762E-DAD9-4987-9D17-41167F0E525F}.Debug|Any CPU.ActiveCfg = Debug|Any CPU
		{B323762E-DAD9-4987-9D17-41167F0E525F}.Debug|Any CPU.Build.0 = Debug|Any CPU
		{B323762E-DAD9-4987-9D17-41167F0E525F}.Release|Any CPU.ActiveCfg = Release|Any CPU
		{B323762E-DAD9-4987-9D17-41167F0E525F}.Release|Any CPU.Build.0 = Release|Any CPU
		{0363CC24-7D2B-4575-BBA7-D4EF74E1BFE8}.Debug|Any CPU.ActiveCfg = Debug|Any CPU
		{0363CC24-7D2B-4575-BBA7-D4EF74E1BFE8}.Debug|Any CPU.Build.0 = Debug|Any CPU
		{0363CC24-7D2B-4575-BBA7-D4EF74E1BFE8}.Release|Any CPU.ActiveCfg = Release|Any CPU
		{0363CC24-7D2B-4575-BBA7-D4EF74E1BFE8}.Release|Any CPU.Build.0 = Release|Any CPU
		{FB868384-F756-40DC-926F-54FECB1CE29E}.Debug|Any CPU.ActiveCfg = Debug|Any CPU
		{FB868384-F756-40DC-926F-54FECB1CE29E}.Debug|Any CPU.Build.0 = Debug|Any CPU
		{FB868384-F756-40DC-926F-54FECB1CE29E}.Release|Any CPU.ActiveCfg = Release|Any CPU
		{FB868384-F756-40DC-926F-54FECB1CE29E}.Release|Any CPU.Build.0 = Release|Any CPU
		{25484F40-37D6-4D54-902D-F9B843D04B0A}.Debug|Any CPU.ActiveCfg = Debug|Any CPU
		{25484F40-37D6-4D54-902D-F9B843D04B0A}.Debug|Any CPU.Build.0 = Debug|Any CPU
		{25484F40-37D6-4D54-902D-F9B843D04B0A}.Release|Any CPU.ActiveCfg = Release|Any CPU
		{25484F40-37D6-4D54-902D-F9B843D04B0A}.Release|Any CPU.Build.0 = Release|Any CPU
		{0C4BC4D6-9660-44E9-85DE-0215CAE252C1}.Debug|Any CPU.ActiveCfg = Debug|Any CPU
		{0C4BC4D6-9660-44E9-85DE-0215CAE252C1}.Debug|Any CPU.Build.0 = Debug|Any CPU
		{0C4BC4D6-9660-44E9-85DE-0215CAE252C1}.Release|Any CPU.ActiveCfg = Release|Any CPU
		{0C4BC4D6-9660-44E9-85DE-0215CAE252C1}.Release|Any CPU.Build.0 = Release|Any CPU
		{84F00EB1-EDB7-45D2-B564-AA95A6235F2E}.Debug|Any CPU.ActiveCfg = Debug|Any CPU
		{84F00EB1-EDB7-45D2-B564-AA95A6235F2E}.Debug|Any CPU.Build.0 = Debug|Any CPU
		{84F00EB1-EDB7-45D2-B564-AA95A6235F2E}.Release|Any CPU.ActiveCfg = Release|Any CPU
		{84F00EB1-EDB7-45D2-B564-AA95A6235F2E}.Release|Any CPU.Build.0 = Release|Any CPU
		{54CBEC30-2F8C-4E06-BD5F-E15807CB1E6A}.Debug|Any CPU.ActiveCfg = Debug|Any CPU
		{54CBEC30-2F8C-4E06-BD5F-E15807CB1E6A}.Debug|Any CPU.Build.0 = Debug|Any CPU
		{54CBEC30-2F8C-4E06-BD5F-E15807CB1E6A}.Release|Any CPU.ActiveCfg = Release|Any CPU
		{54CBEC30-2F8C-4E06-BD5F-E15807CB1E6A}.Release|Any CPU.Build.0 = Release|Any CPU
		{8DEC6B8F-B1E7-41FF-8E4F-927C681D7617}.Debug|Any CPU.ActiveCfg = Debug|Any CPU
		{8DEC6B8F-B1E7-41FF-8E4F-927C681D7617}.Debug|Any CPU.Build.0 = Debug|Any CPU
		{8DEC6B8F-B1E7-41FF-8E4F-927C681D7617}.Release|Any CPU.ActiveCfg = Release|Any CPU
		{8DEC6B8F-B1E7-41FF-8E4F-927C681D7617}.Release|Any CPU.Build.0 = Release|Any CPU
		{99BB01A0-C009-422B-A9C2-B1D04E8A4498}.Debug|Any CPU.ActiveCfg = Debug|Any CPU
		{99BB01A0-C009-422B-A9C2-B1D04E8A4498}.Debug|Any CPU.Build.0 = Debug|Any CPU
		{99BB01A0-C009-422B-A9C2-B1D04E8A4498}.Release|Any CPU.ActiveCfg = Release|Any CPU
		{99BB01A0-C009-422B-A9C2-B1D04E8A4498}.Release|Any CPU.Build.0 = Release|Any CPU
		{9E2AE92B-B10D-434D-9BA7-38E94C9FFFBF}.Debug|Any CPU.ActiveCfg = Debug|Any CPU
		{9E2AE92B-B10D-434D-9BA7-38E94C9FFFBF}.Debug|Any CPU.Build.0 = Debug|Any CPU
		{9E2AE92B-B10D-434D-9BA7-38E94C9FFFBF}.Release|Any CPU.ActiveCfg = Release|Any CPU
		{9E2AE92B-B10D-434D-9BA7-38E94C9FFFBF}.Release|Any CPU.Build.0 = Release|Any CPU
		{C8C87A5C-CAC0-479B-8080-99C97AF2096D}.Debug|Any CPU.ActiveCfg = Debug|Any CPU
		{C8C87A5C-CAC0-479B-8080-99C97AF2096D}.Debug|Any CPU.Build.0 = Debug|Any CPU
		{C8C87A5C-CAC0-479B-8080-99C97AF2096D}.Release|Any CPU.ActiveCfg = Release|Any CPU
		{C8C87A5C-CAC0-479B-8080-99C97AF2096D}.Release|Any CPU.Build.0 = Release|Any CPU
		{25AB3EF2-22F6-4015-A094-44505EF898B3}.Debug|Any CPU.ActiveCfg = Debug|Any CPU
		{25AB3EF2-22F6-4015-A094-44505EF898B3}.Debug|Any CPU.Build.0 = Debug|Any CPU
		{25AB3EF2-22F6-4015-A094-44505EF898B3}.Release|Any CPU.ActiveCfg = Release|Any CPU
		{25AB3EF2-22F6-4015-A094-44505EF898B3}.Release|Any CPU.Build.0 = Release|Any CPU
		{E1E457EB-1FE6-4137-8E1F-613F2C40EDD4}.Debug|Any CPU.ActiveCfg = Debug|Any CPU
		{E1E457EB-1FE6-4137-8E1F-613F2C40EDD4}.Debug|Any CPU.Build.0 = Debug|Any CPU
		{E1E457EB-1FE6-4137-8E1F-613F2C40EDD4}.Release|Any CPU.ActiveCfg = Release|Any CPU
		{E1E457EB-1FE6-4137-8E1F-613F2C40EDD4}.Release|Any CPU.Build.0 = Release|Any CPU
		{AA881E81-3314-46F3-AB15-457E934550D3}.Debug|Any CPU.ActiveCfg = Debug|Any CPU
		{AA881E81-3314-46F3-AB15-457E934550D3}.Debug|Any CPU.Build.0 = Debug|Any CPU
		{AA881E81-3314-46F3-AB15-457E934550D3}.Release|Any CPU.ActiveCfg = Release|Any CPU
		{AA881E81-3314-46F3-AB15-457E934550D3}.Release|Any CPU.Build.0 = Release|Any CPU
		{234892EF-C538-49DD-A3E7-2B801DFF3EDD}.Debug|Any CPU.ActiveCfg = Debug|Any CPU
		{234892EF-C538-49DD-A3E7-2B801DFF3EDD}.Debug|Any CPU.Build.0 = Debug|Any CPU
		{234892EF-C538-49DD-A3E7-2B801DFF3EDD}.Release|Any CPU.ActiveCfg = Release|Any CPU
		{234892EF-C538-49DD-A3E7-2B801DFF3EDD}.Release|Any CPU.Build.0 = Release|Any CPU
	EndGlobalSection
	GlobalSection(SolutionProperties) = preSolution
		HideSolutionNode = FALSE
	EndGlobalSection
	GlobalSection(NestedProjects) = preSolution
		{7CD72925-41EF-46C6-9C76-E38838253D8F} = {DDD2545E-021C-4225-BF7C-4623C9AF1A3D}
		{976A7356-5F96-4DD7-93C6-789A86B947BE} = {DDD2545E-021C-4225-BF7C-4623C9AF1A3D}
		{1DC9BE6B-0B06-4361-897E-38C0756085F0} = {C125AF07-E19E-401A-9CBD-34D42D614ED9}
		{78834FF1-82AD-411F-BC21-32217AA499A6} = {8F0DD4E6-7C7F-4522-BD92-A29FB9901819}
		{458BA1C3-1A19-4FBB-AE28-546227885F84} = {8F0DD4E6-7C7F-4522-BD92-A29FB9901819}
		{5F07FC9D-3DAB-4346-93FA-7B1332F23805} = {8F0DD4E6-7C7F-4522-BD92-A29FB9901819}
		{4975E498-8B3A-4D9F-8F40-610ED4EFB3E7} = {8F0DD4E6-7C7F-4522-BD92-A29FB9901819}
		{8784CB21-B4FE-4479-88BD-D682462C6525} = {8F0DD4E6-7C7F-4522-BD92-A29FB9901819}
		{8C7BD70E-3304-436A-A8F7-467D366B40EF} = {74C46A4B-2A9A-4E02-9580-606AB92280AC}
		{0A465D9E-14F0-4A71-AC76-504289BDCAED} = {74C46A4B-2A9A-4E02-9580-606AB92280AC}
		{9614E1D5-35D2-4C3B-B2E8-249EC01E2E02} = {74C46A4B-2A9A-4E02-9580-606AB92280AC}
		{8A02D8B7-41C0-4AFB-AD88-B5095B186FBB} = {74C46A4B-2A9A-4E02-9580-606AB92280AC}
		{31567388-4F90-4957-AD49-B14B5FD87EB6} = {4DFD6837-77C8-4354-B108-E0F2DCE2C01B}
		{CA261CD2-94CD-4A96-831B-9324864C9A72} = {4DFD6837-77C8-4354-B108-E0F2DCE2C01B}
		{3A56084B-A0D5-4130-9C1B-8852E7994244} = {4DFD6837-77C8-4354-B108-E0F2DCE2C01B}
		{B323762E-DAD9-4987-9D17-41167F0E525F} = {9089A0E6-C964-4820-8789-B6EAE144C64B}
		{0363CC24-7D2B-4575-BBA7-D4EF74E1BFE8} = {C125AF07-E19E-401A-9CBD-34D42D614ED9}
		{FB868384-F756-40DC-926F-54FECB1CE29E} = {4B038EAF-BC14-4566-9CF8-7A96658E90ED}
		{25484F40-37D6-4D54-902D-F9B843D04B0A} = {4B038EAF-BC14-4566-9CF8-7A96658E90ED}
		{0C4BC4D6-9660-44E9-85DE-0215CAE252C1} = {4B038EAF-BC14-4566-9CF8-7A96658E90ED}
		{84F00EB1-EDB7-45D2-B564-AA95A6235F2E} = {4B038EAF-BC14-4566-9CF8-7A96658E90ED}
		{54CBEC30-2F8C-4E06-BD5F-E15807CB1E6A} = {254E7A35-E31E-4658-A30C-D9F7D978CAB7}
		{8DEC6B8F-B1E7-41FF-8E4F-927C681D7617} = {254E7A35-E31E-4658-A30C-D9F7D978CAB7}
		{99BB01A0-C009-422B-A9C2-B1D04E8A4498} = {626AD8D3-48C4-4EBE-9218-6C3F0AF70FAD}
		{9E2AE92B-B10D-434D-9BA7-38E94C9FFFBF} = {626AD8D3-48C4-4EBE-9218-6C3F0AF70FAD}
		{C8C87A5C-CAC0-479B-8080-99C97AF2096D} = {626AD8D3-48C4-4EBE-9218-6C3F0AF70FAD}
		{25AB3EF2-22F6-4015-A094-44505EF898B3} = {3117A6F2-55FD-42D9-BFC3-9DFAC408C7D9}
		{E1E457EB-1FE6-4137-8E1F-613F2C40EDD4} = {AF696FAC-5610-4137-BD53-3F37235D057B}
		{AA881E81-3314-46F3-AB15-457E934550D3} = {AF696FAC-5610-4137-BD53-3F37235D057B}
		{234892EF-C538-49DD-A3E7-2B801DFF3EDD} = {AF696FAC-5610-4137-BD53-3F37235D057B}
	EndGlobalSection
EndGlobal
